
Microsoft Visual Studio Solution File, Format Version 12.00
# Visual Studio Version 17
VisualStudioVersion = 17.7.34009.444
MinimumVisualStudioVersion = 10.0.40219.1
Project("{9A19103F-16F7-4668-BE54-9A1E7A4F7556}") = "WinFormsStartTask2", "WinFormsStart\WinFormsStartTask2.csproj", "{633DF567-093C-47A9-A4C1-744F8CD58A0D}"
EndProject
Project("{9A19103F-16F7-4668-BE54-9A1E7A4F7556}") = "WinFormsStartTask3", "WinFormsStartTask3\WinFormsStartTask3.csproj", "{71E9E8CF-D8D1-46B8-909D-3C898907F958}"
EndProject
Project("{FAE04EC0-301F-11D3-BF4B-00C04F79EFBC}") = "WinFormsStartTask1", "WinFormsStartTask1\WinFormsStartTask1.csproj", "{2E1D835D-B30E-48EF-9F87-81F7BB64B306}"
EndProject
Global
	GlobalSection(SolutionConfigurationPlatforms) = preSolution
		Debug|Any CPU = Debug|Any CPU
		Release|Any CPU = Release|Any CPU
	EndGlobalSection
	GlobalSection(ProjectConfigurationPlatforms) = postSolution
		{633DF567-093C-47A9-A4C1-744F8CD58A0D}.Debug|Any CPU.ActiveCfg = Debug|Any CPU
		{633DF567-093C-47A9-A4C1-744F8CD58A0D}.Debug|Any CPU.Build.0 = Debug|Any CPU
		{633DF567-093C-47A9-A4C1-744F8CD58A0D}.Release|Any CPU.ActiveCfg = Release|Any CPU
		{633DF567-093C-47A9-A4C1-744F8CD58A0D}.Release|Any CPU.Build.0 = Release|Any CPU
		{71E9E8CF-D8D1-46B8-909D-3C898907F958}.Debug|Any CPU.ActiveCfg = Debug|Any CPU
		{71E9E8CF-D8D1-46B8-909D-3C898907F958}.Debug|Any CPU.Build.0 = Debug|Any CPU
		{71E9E8CF-D8D1-46B8-909D-3C898907F958}.Release|Any CPU.ActiveCfg = Release|Any CPU
		{71E9E8CF-D8D1-46B8-909D-3C898907F958}.Release|Any CPU.Build.0 = Release|Any CPU
		{2E1D835D-B30E-48EF-9F87-81F7BB64B306}.Debug|Any CPU.ActiveCfg = Debug|Any CPU
		{2E1D835D-B30E-48EF-9F87-81F7BB64B306}.Debug|Any CPU.Build.0 = Debug|Any CPU
		{2E1D835D-B30E-48EF-9F87-81F7BB64B306}.Release|Any CPU.ActiveCfg = Release|Any CPU
		{2E1D835D-B30E-48EF-9F87-81F7BB64B306}.Release|Any CPU.Build.0 = Release|Any CPU
	EndGlobalSection
	GlobalSection(SolutionProperties) = preSolution
		HideSolutionNode = FALSE
	EndGlobalSection
	GlobalSection(ExtensibilityGlobals) = postSolution
		SolutionGuid = {63E3934E-C414-4E7D-B630-0E128D2931CB}
	EndGlobalSection
EndGlobal
